
Microsoft Visual Studio Solution File, Format Version 12.00
# Visual Studio Version 17
VisualStudioVersion = 17.11.35201.85
MinimumVisualStudioVersion = 10.0.40219.1
Project("{FAE04EC0-301F-11D3-BF4B-00C04F79EFBC}") = "ProjectTwo_35760338", "ProjectTwo_35760338.csproj", "{1ABBE7ED-960C-425F-9126-05B7C99B7B74}"
EndProject
Global
	GlobalSection(SolutionConfigurationPlatforms) = preSolution
		Debug|Any CPU = Debug|Any CPU
		Release|Any CPU = Release|Any CPU
	EndGlobalSection
	GlobalSection(ProjectConfigurationPlatforms) = postSolution
		{1ABBE7ED-960C-425F-9126-05B7C99B7B74}.Debug|Any CPU.ActiveCfg = Debug|Any CPU
		{1ABBE7ED-960C-425F-9126-05B7C99B7B74}.Debug|Any CPU.Build.0 = Debug|Any CPU
		{1ABBE7ED-960C-425F-9126-05B7C99B7B74}.Release|Any CPU.ActiveCfg = Release|Any CPU
		{1ABBE7ED-960C-425F-9126-05B7C99B7B74}.Release|Any CPU.Build.0 = Release|Any CPU
	EndGlobalSection
	GlobalSection(SolutionProperties) = preSolution
		HideSolutionNode = FALSE
	EndGlobalSection
	GlobalSection(ExtensibilityGlobals) = postSolution
		SolutionGuid = {E8F2950A-76D9-475E-AF5A-D0665299BD2E}
	EndGlobalSection
EndGlobal
